
Microsoft Visual Studio Solution File, Format Version 12.00
# Visual Studio Version 17
VisualStudioVersion = 17.4.33205.214
MinimumVisualStudioVersion = 10.0.40219.1
Project("{FAE04EC0-301F-11D3-BF4B-00C04F79EFBC}") = "WebApplication7", "WebApplication7\WebApplication7.csproj", "{F3B90BE4-A9D0-4798-928D-1014D20B2845}"
EndProject
Global
	GlobalSection(SolutionConfigurationPlatforms) = preSolution
		Debug|Any CPU = Debug|Any CPU
		Release|Any CPU = Release|Any CPU
	EndGlobalSection
	GlobalSection(ProjectConfigurationPlatforms) = postSolution
		{F3B90BE4-A9D0-4798-928D-1014D20B2845}.Debug|Any CPU.ActiveCfg = Debug|Any CPU
		{F3B90BE4-A9D0-4798-928D-1014D20B2845}.Debug|Any CPU.Build.0 = Debug|Any CPU
		{F3B90BE4-A9D0-4798-928D-1014D20B2845}.Release|Any CPU.ActiveCfg = Release|Any CPU
		{F3B90BE4-A9D0-4798-928D-1014D20B2845}.Release|Any CPU.Build.0 = Release|Any CPU
	EndGlobalSection
	GlobalSection(SolutionProperties) = preSolution
		HideSolutionNode = FALSE
	EndGlobalSection
	GlobalSection(ExtensibilityGlobals) = postSolution
		SolutionGuid = {DDD4B314-60EB-4389-8B30-AD2368B9A4C5}
	EndGlobalSection
EndGlobal
